
Microsoft Visual Studio Solution File, Format Version 12.00
# Visual Studio Version 17
VisualStudioVersion = 17.11.35222.181
MinimumVisualStudioVersion = 10.0.40219.1
Project("{FAE04EC0-301F-11D3-BF4B-00C04F79EFBC}") = "DotNetDapper", "DotNetDapper\DotNetDapper.csproj", "{2D78FC6E-9DBF-4EDC-92C1-EB0DB87BC8CD}"
EndProject
Global
	GlobalSection(SolutionConfigurationPlatforms) = preSolution
		Debug|Any CPU = Debug|Any CPU
		Release|Any CPU = Release|Any CPU
	EndGlobalSection
	GlobalSection(ProjectConfigurationPlatforms) = postSolution
		{2D78FC6E-9DBF-4EDC-92C1-EB0DB87BC8CD}.Debug|Any CPU.ActiveCfg = Debug|Any CPU
		{2D78FC6E-9DBF-4EDC-92C1-EB0DB87BC8CD}.Debug|Any CPU.Build.0 = Debug|Any CPU
		{2D78FC6E-9DBF-4EDC-92C1-EB0DB87BC8CD}.Release|Any CPU.ActiveCfg = Release|Any CPU
		{2D78FC6E-9DBF-4EDC-92C1-EB0DB87BC8CD}.Release|Any CPU.Build.0 = Release|Any CPU
	EndGlobalSection
	GlobalSection(SolutionProperties) = preSolution
		HideSolutionNode = FALSE
	EndGlobalSection
	GlobalSection(ExtensibilityGlobals) = postSolution
		SolutionGuid = {450939B3-F699-4B0A-89D8-2B927B6B863A}
	EndGlobalSection
EndGlobal
